<?xml version="1.0" encoding="utf-8"?>
<Project ToolsVersion="4.0" xmlns="http://schemas.microsoft.com/developer/msbuild/2003">
  <ItemGroup>
    <Filter Include="Common">
      <UniqueIdentifier>{42860c9f-cdf7-4fed-861c-36e3c140ae0c}</UniqueIdentifier>
    </Filter>
    <Filter Include="Network">
      <UniqueIdentifier>{6d82ab1a-e7a6-4bee-a54f-7daee133d7d3}</UniqueIdentifier>
    </Filter>
    <Filter Include="Main">
      <UniqueIdentifier>{4FC737F1-C7A5-4376-A066-2A32D752A2FF}</UniqueIdentifier>
      <Extensions>cpp;c;cc;cxx;def;odl;idl;hpj;bat;asm;asmx</Extensions>
    </Filter>
    <Filter Include="Packets">
      <UniqueIdentifier>{461d3934-7729-4b9c-af29-92d68d04543d}</UniqueIdentifier>
    </Filter>
    <Filter Include="Handler">
      <UniqueIdentifier>{c41adaab-e0ff-4ed0-bf57-11c44eb445f1}</UniqueIdentifier>
    </Filter>
    <Filter Include="TableDB">
      <UniqueIdentifier>{69fc6511-2f7d-4d49-bb3e-00995645bf5a}</UniqueIdentifier>
    </Filter>
    <Filter Include="Lua">
      <UniqueIdentifier>{ca59f7fc-ca24-4c6d-baa2-6aafca6afce4}</UniqueIdentifier>
    </Filter>
    <Filter Include="Lua\SrcCode">
      <UniqueIdentifier>{299a3775-50d9-45bb-a8ac-20554d6ec8ea}</UniqueIdentifier>
    </Filter>
    <Filter Include="Player">
      <UniqueIdentifier>{518acf93-4ffb-4f21-8790-68e908b97bfd}</UniqueIdentifier>
    </Filter>
  </ItemGroup>
  <ItemGroup>
    <ClInclude Include="..\Common\cw_singleton.h">
      <Filter>Common</Filter>
    </ClInclude>
    <ClInclude Include="..\Common\cw_commonhandler.h">
      <Filter>Common</Filter>
    </ClInclude>
    <ClInclude Include="..\Common\cw_lock.h">
      <Filter>Common</Filter>
    </ClInclude>
    <ClInclude Include="..\Common\cw_packet.h">
      <Filter>Common</Filter>
    </ClInclude>
    <ClInclude Include="..\Common\cw_packetdefine.h">
      <Filter>Common</Filter>
    </ClInclude>
    <ClInclude Include="..\Common\cw_packetfactorymanager.h">
      <Filter>Common</Filter>
    </ClInclude>
    <ClInclude Include="..\Common\cw_socketdef.h">
      <Filter>Common</Filter>
    </ClInclude>
    <ClInclude Include="..\Common\cw_connection.h">
      <Filter>Common</Filter>
    </ClInclude>
    <ClInclude Include="..\Common\cw_socketapi.h">
      <Filter>Common</Filter>
    </ClInclude>
    <ClInclude Include="..\Common\cw_socketbuff.h">
      <Filter>Common</Filter>
    </ClInclude>
    <ClInclude Include="cw_connectionmanager.h">
      <Filter>Network</Filter>
    </ClInclude>
    <ClInclude Include="cw_socketserver.h">
      <Filter>Network</Filter>
    </ClInclude>
    <ClInclude Include="..\Common\cw_commondefine.h">
      <Filter>Common</Filter>
    </ClInclude>
    <ClInclude Include="..\Common\cw_log.h">
      <Filter>Common</Filter>
    </ClInclude>
    <ClInclude Include="..\Common\cw_const.h">
      <Filter>Common</Filter>
    </ClInclude>
    <ClInclude Include="..\Common\cw_time.h">
      <Filter>Common</Filter>
    </ClInclude>
    <ClInclude Include="..\Packets\cw_cspackettest.h">
      <Filter>Packets</Filter>
    </ClInclude>
    <ClInclude Include="..\Common\cw_handlerset.h">
      <Filter>Common</Filter>
    </ClInclude>
    <ClInclude Include="..\Packets\cw_scpackettest.h">
      <Filter>Packets</Filter>
    </ClInclude>
    <ClInclude Include="..\Common\cw_tools.h">
      <Filter>Common</Filter>
    </ClInclude>
    <ClInclude Include="..\Common\cw_testdata.h">
      <Filter>Common</Filter>
    </ClInclude>
    <ClInclude Include="..\Common\cw_assert.h">
      <Filter>Common</Filter>
    </ClInclude>
    <ClInclude Include="..\Common\cw_inibase.h">
      <Filter>Common</Filter>
    </ClInclude>
    <ClInclude Include="..\Common\cw_inireader.h">
      <Filter>Common</Filter>
    </ClInclude>
    <ClInclude Include="..\Common\cw_browsedir.h">
      <Filter>Common</Filter>
    </ClInclude>
    <ClInclude Include="cw_serveriniset.h">
      <Filter>TableDB</Filter>
    </ClInclude>
    <ClInclude Include="cw_serverstructini.h">
      <Filter>TableDB</Filter>
    </ClInclude>
    <ClInclude Include="..\Common\cw_tablereader.h">
      <Filter>Common</Filter>
    </ClInclude>
    <ClInclude Include="..\Common\cw_table.h">
      <Filter>Common</Filter>
    </ClInclude>
    <ClInclude Include="cw_tableset.h">
      <Filter>TableDB</Filter>
    </ClInclude>
    <ClInclude Include="cw_tablestruct.h">
      <Filter>TableDB</Filter>
    </ClInclude>
    <ClInclude Include="..\Lua\cw_luainterface.h">
      <Filter>Lua</Filter>
    </ClInclude>
    <ClInclude Include="..\Lua\cw_scriptinterface.h">
      <Filter>Lua</Filter>
    </ClInclude>
    <ClInclude Include="..\Lua\SrcCode\lapi.h">
      <Filter>Lua\SrcCode</Filter>
    </ClInclude>
    <ClInclude Include="..\Lua\SrcCode\lauxlib.h">
      <Filter>Lua\SrcCode</Filter>
    </ClInclude>
    <ClInclude Include="..\Lua\SrcCode\lcode.h">
      <Filter>Lua\SrcCode</Filter>
    </ClInclude>
    <ClInclude Include="..\Lua\SrcCode\ldebug.h">
      <Filter>Lua\SrcCode</Filter>
    </ClInclude>
    <ClInclude Include="..\Lua\SrcCode\ldo.h">
      <Filter>Lua\SrcCode</Filter>
    </ClInclude>
    <ClInclude Include="..\Lua\SrcCode\lfunc.h">
      <Filter>Lua\SrcCode</Filter>
    </ClInclude>
    <ClInclude Include="..\Lua\SrcCode\lgc.h">
      <Filter>Lua\SrcCode</Filter>
    </ClInclude>
    <ClInclude Include="..\Lua\SrcCode\llex.h">
      <Filter>Lua\SrcCode</Filter>
    </ClInclude>
    <ClInclude Include="..\Lua\SrcCode\llimits.h">
      <Filter>Lua\SrcCode</Filter>
    </ClInclude>
    <ClInclude Include="..\Lua\SrcCode\lmem.h">
      <Filter>Lua\SrcCode</Filter>
    </ClInclude>
    <ClInclude Include="..\Lua\SrcCode\lobject.h">
      <Filter>Lua\SrcCode</Filter>
    </ClInclude>
    <ClInclude Include="..\Lua\SrcCode\lopcodes.h">
      <Filter>Lua\SrcCode</Filter>
    </ClInclude>
    <ClInclude Include="..\Lua\SrcCode\lparser.h">
      <Filter>Lua\SrcCode</Filter>
    </ClInclude>
    <ClInclude Include="..\Lua\SrcCode\lstate.h">
      <Filter>Lua\SrcCode</Filter>
    </ClInclude>
    <ClInclude Include="..\Lua\SrcCode\lstring.h">
      <Filter>Lua\SrcCode</Filter>
    </ClInclude>
    <ClInclude Include="..\Lua\SrcCode\ltable.h">
      <Filter>Lua\SrcCode</Filter>
    </ClInclude>
    <ClInclude Include="..\Lua\SrcCode\ltm.h">
      <Filter>Lua\SrcCode</Filter>
    </ClInclude>
    <ClInclude Include="..\Lua\SrcCode\lua.h">
      <Filter>Lua\SrcCode</Filter>
    </ClInclude>
    <ClInclude Include="..\Lua\SrcCode\lua.hpp">
      <Filter>Lua\SrcCode</Filter>
    </ClInclude>
    <ClInclude Include="..\Lua\SrcCode\luaconf.h">
      <Filter>Lua\SrcCode</Filter>
    </ClInclude>
    <ClInclude Include="..\Lua\SrcCode\lualib.h">
      <Filter>Lua\SrcCode</Filter>
    </ClInclude>
    <ClInclude Include="..\Lua\SrcCode\lundump.h">
      <Filter>Lua\SrcCode</Filter>
    </ClInclude>
    <ClInclude Include="..\Lua\SrcCode\lvm.h">
      <Filter>Lua\SrcCode</Filter>
    </ClInclude>
    <ClInclude Include="..\Lua\SrcCode\lzio.h">
      <Filter>Lua\SrcCode</Filter>
    </ClInclude>
    <ClInclude Include="..\Lua\cw_luafunc.h">
      <Filter>Lua</Filter>
    </ClInclude>
    <ClInclude Include="..\Common\cw_serializer.h">
      <Filter>Common</Filter>
    </ClInclude>
    <ClInclude Include="..\Common\cw_tableserializer.h">
      <Filter>Common</Filter>
    </ClInclude>
    <ClInclude Include="..\Common\cw_clearserializer.h">
      <Filter>Common</Filter>
    </ClInclude>
    <ClInclude Include="..\Common\cw_fieldserializer.h">
      <Filter>Common</Filter>
    </ClInclude>
    <ClInclude Include="..\Common\cw_stringhashtable.h">
      <Filter>Common</Filter>
    </ClInclude>
    <ClInclude Include="..\Common\cw_hashlist.h">
      <Filter>Common</Filter>
    </ClInclude>
    <ClInclude Include="..\Player\cw_player.h">
      <Filter>Player</Filter>
    </ClInclude>
  </ItemGroup>
  <ItemGroup>
    <ClCompile Include="..\Common\cw_packet.cpp">
      <Filter>Common</Filter>
    </ClCompile>
    <ClCompile Include="..\Common\cw_packetfactorymanager.cpp">
      <Filter>Common</Filter>
    </ClCompile>
    <ClCompile Include="..\Common\cw_connection.cpp">
      <Filter>Common</Filter>
    </ClCompile>
    <ClCompile Include="..\Common\cw_socketapi.cpp">
      <Filter>Common</Filter>
    </ClCompile>
    <ClCompile Include="..\Common\cw_socketbuff.cpp">
      <Filter>Common</Filter>
    </ClCompile>
    <ClCompile Include="..\Common\cw_singleton.cpp">
      <Filter>Common</Filter>
    </ClCompile>
    <ClCompile Include="cw_connectionmanager.cpp">
      <Filter>Network</Filter>
    </ClCompile>
    <ClCompile Include="cw_socketserver.cpp">
      <Filter>Network</Filter>
    </ClCompile>
    <ClCompile Include="..\Common\cw_log.cpp">
      <Filter>Common</Filter>
    </ClCompile>
    <ClCompile Include="..\Common\cw_time.cpp">
      <Filter>Common</Filter>
    </ClCompile>
    <ClCompile Include="cw_serverhandler.h">
      <Filter>Network</Filter>
    </ClCompile>
    <ClCompile Include="..\Packets\cw_cspackettest.cpp">
      <Filter>Packets</Filter>
    </ClCompile>
    <ClCompile Include="..\Common\cw_handlerset.cpp">
      <Filter>Common</Filter>
    </ClCompile>
    <ClCompile Include="cw_serverhandlerset.cpp">
      <Filter>Network</Filter>
    </ClCompile>
    <ClCompile Include="..\Packets\cw_scpackettest.cpp">
      <Filter>Packets</Filter>
    </ClCompile>
    <ClCompile Include="cw_cstestpackethandler.cpp">
      <Filter>Handler</Filter>
    </ClCompile>
    <ClCompile Include="cw_server.cpp">
      <Filter>Main</Filter>
    </ClCompile>
    <ClCompile Include="..\Common\cw_tools.cpp">
      <Filter>Common</Filter>
    </ClCompile>
    <ClCompile Include="..\Common\cw_assert.cpp">
      <Filter>Common</Filter>
    </ClCompile>
    <ClCompile Include="..\Common\cw_inireader.cpp">
      <Filter>Common</Filter>
    </ClCompile>
    <ClCompile Include="..\Common\cw_browsedir.cpp">
      <Filter>Common</Filter>
    </ClCompile>
    <ClCompile Include="..\Common\cw_inibase.cpp">
      <Filter>Common</Filter>
    </ClCompile>
    <ClCompile Include="cw_serveriniset.cpp">
      <Filter>TableDB</Filter>
    </ClCompile>
    <ClCompile Include="..\Common\cw_tablereader.cpp">
      <Filter>Common</Filter>
    </ClCompile>
    <ClCompile Include="cw_tableset.cpp">
      <Filter>TableDB</Filter>
    </ClCompile>
    <ClCompile Include="..\Lua\cw_luainterface.cpp">
      <Filter>Lua</Filter>
    </ClCompile>
    <ClCompile Include="..\Lua\cw_scriptinterface.cpp">
      <Filter>Lua</Filter>
    </ClCompile>
    <ClCompile Include="..\Lua\cw_luafuncregister.cpp">
      <Filter>Lua</Filter>
    </ClCompile>
    <ClCompile Include="..\Lua\SrcCode\print.c">
      <Filter>Lua\SrcCode</Filter>
    </ClCompile>
    <ClCompile Include="..\Lua\SrcCode\lapi.c">
      <Filter>Lua\SrcCode</Filter>
    </ClCompile>
    <ClCompile Include="..\Lua\SrcCode\lauxlib.c">
      <Filter>Lua\SrcCode</Filter>
    </ClCompile>
    <ClCompile Include="..\Lua\SrcCode\lbaselib.c">
      <Filter>Lua\SrcCode</Filter>
    </ClCompile>
    <ClCompile Include="..\Lua\SrcCode\lcode.c">
      <Filter>Lua\SrcCode</Filter>
    </ClCompile>
    <ClCompile Include="..\Lua\SrcCode\ldblib.c">
      <Filter>Lua\SrcCode</Filter>
    </ClCompile>
    <ClCompile Include="..\Lua\SrcCode\ldebug.c">
      <Filter>Lua\SrcCode</Filter>
    </ClCompile>
    <ClCompile Include="..\Lua\SrcCode\ldo.c">
      <Filter>Lua\SrcCode</Filter>
    </ClCompile>
    <ClCompile Include="..\Lua\SrcCode\ldump.c">
      <Filter>Lua\SrcCode</Filter>
    </ClCompile>
    <ClCompile Include="..\Lua\SrcCode\lfunc.c">
      <Filter>Lua\SrcCode</Filter>
    </ClCompile>
    <ClCompile Include="..\Lua\SrcCode\lgc.c">
      <Filter>Lua\SrcCode</Filter>
    </ClCompile>
    <ClCompile Include="..\Lua\SrcCode\linit.c">
      <Filter>Lua\SrcCode</Filter>
    </ClCompile>
    <ClCompile Include="..\Lua\SrcCode\liolib.c">
      <Filter>Lua\SrcCode</Filter>
    </ClCompile>
    <ClCompile Include="..\Lua\SrcCode\llex.c">
      <Filter>Lua\SrcCode</Filter>
    </ClCompile>
    <ClCompile Include="..\Lua\SrcCode\lmathlib.c">
      <Filter>Lua\SrcCode</Filter>
    </ClCompile>
    <ClCompile Include="..\Lua\SrcCode\lmem.c">
      <Filter>Lua\SrcCode</Filter>
    </ClCompile>
    <ClCompile Include="..\Lua\SrcCode\loadlib.c">
      <Filter>Lua\SrcCode</Filter>
    </ClCompile>
    <ClCompile Include="..\Lua\SrcCode\lobject.c">
      <Filter>Lua\SrcCode</Filter>
    </ClCompile>
    <ClCompile Include="..\Lua\SrcCode\lopcodes.c">
      <Filter>Lua\SrcCode</Filter>
    </ClCompile>
    <ClCompile Include="..\Lua\SrcCode\loslib.c">
      <Filter>Lua\SrcCode</Filter>
    </ClCompile>
    <ClCompile Include="..\Lua\SrcCode\lparser.c">
      <Filter>Lua\SrcCode</Filter>
    </ClCompile>
    <ClCompile Include="..\Lua\SrcCode\lstate.c">
      <Filter>Lua\SrcCode</Filter>
    </ClCompile>
    <ClCompile Include="..\Lua\SrcCode\lstring.c">
      <Filter>Lua\SrcCode</Filter>
    </ClCompile>
    <ClCompile Include="..\Lua\SrcCode\lstrlib.c">
      <Filter>Lua\SrcCode</Filter>
    </ClCompile>
    <ClCompile Include="..\Lua\SrcCode\ltable.c">
      <Filter>Lua\SrcCode</Filter>
    </ClCompile>
    <ClCompile Include="..\Lua\SrcCode\ltablib.c">
      <Filter>Lua\SrcCode</Filter>
    </ClCompile>
    <ClCompile Include="..\Lua\SrcCode\ltm.c">
      <Filter>Lua\SrcCode</Filter>
    </ClCompile>
    <ClCompile Include="..\Lua\SrcCode\lua.c">
      <Filter>Lua\SrcCode</Filter>
    </ClCompile>
    <ClCompile Include="..\Lua\SrcCode\luac.c">
      <Filter>Lua\SrcCode</Filter>
    </ClCompile>
    <ClCompile Include="..\Lua\SrcCode\lundump.c">
      <Filter>Lua\SrcCode</Filter>
    </ClCompile>
    <ClCompile Include="..\Lua\SrcCode\lvm.c">
      <Filter>Lua\SrcCode</Filter>
    </ClCompile>
    <ClCompile Include="..\Lua\SrcCode\lzio.c">
      <Filter>Lua\SrcCode</Filter>
    </ClCompile>
    <ClCompile Include="..\Lua\cw_luatable.cpp">
      <Filter>Lua</Filter>
    </ClCompile>
    <ClCompile Include="..\Common\cw_serializer.cpp">
      <Filter>Common</Filter>
    </ClCompile>
    <ClCompile Include="..\Common\cw_tableserializer.cpp">
      <Filter>Common</Filter>
    </ClCompile>
    <ClCompile Include="..\Common\cw_fieldserializer.cpp">
      <Filter>Common</Filter>
    </ClCompile>
    <ClCompile Include="..\LuaLib\cw_luaplayer.cpp">
      <Filter>Lua</Filter>
    </ClCompile>
  </ItemGroup>
  <ItemGroup>
    <None Include="..\Lua\SrcCode\lua5.1.def">
      <Filter>Lua\SrcCode</Filter>
    </None>
  </ItemGroup>
</Project>